
Microsoft Visual Studio Solution File, Format Version 12.00
# Visual Studio 15
VisualStudioVersion = 15.0.27703.2042
MinimumVisualStudioVersion = 10.0.40219.1
Project("{FAE04EC0-301F-11D3-BF4B-00C04F79EFBC}") = "FN.Store.UI", "FN.Store.UI\FN.Store.UI.csproj", "{F412DE4B-EC01-42C4-8B31-2FCA99697046}"
EndProject
Project("{FAE04EC0-301F-11D3-BF4B-00C04F79EFBC}") = "FN.Store.Domain", "FN.Store.Domain\FN.Store.Domain.csproj", "{D7068755-97FA-488E-90E1-765853221182}"
EndProject
Project("{FAE04EC0-301F-11D3-BF4B-00C04F79EFBC}") = "FN.Store.Data", "FN.Store.Data\FN.Store.Data.csproj", "{84B71CEF-295D-459A-8212-81048FA9BFD1}"
EndProject
Project("{FAE04EC0-301F-11D3-BF4B-00C04F79EFBC}") = "FN.Store.Tests", "FN.Store.Tests\FN.Store.Tests.csproj", "{FE8610C9-6566-4747-AD7F-BF60B8F56114}"
EndProject
Global
	GlobalSection(SolutionConfigurationPlatforms) = preSolution
		Debug|Any CPU = Debug|Any CPU
		Release|Any CPU = Release|Any CPU
	EndGlobalSection
	GlobalSection(ProjectConfigurationPlatforms) = postSolution
		{F412DE4B-EC01-42C4-8B31-2FCA99697046}.Debug|Any CPU.ActiveCfg = Debug|Any CPU
		{F412DE4B-EC01-42C4-8B31-2FCA99697046}.Debug|Any CPU.Build.0 = Debug|Any CPU
		{F412DE4B-EC01-42C4-8B31-2FCA99697046}.Release|Any CPU.ActiveCfg = Release|Any CPU
		{F412DE4B-EC01-42C4-8B31-2FCA99697046}.Release|Any CPU.Build.0 = Release|Any CPU
		{D7068755-97FA-488E-90E1-765853221182}.Debug|Any CPU.ActiveCfg = Debug|Any CPU
		{D7068755-97FA-488E-90E1-765853221182}.Debug|Any CPU.Build.0 = Debug|Any CPU
		{D7068755-97FA-488E-90E1-765853221182}.Release|Any CPU.ActiveCfg = Release|Any CPU
		{D7068755-97FA-488E-90E1-765853221182}.Release|Any CPU.Build.0 = Release|Any CPU
		{84B71CEF-295D-459A-8212-81048FA9BFD1}.Debug|Any CPU.ActiveCfg = Debug|Any CPU
		{84B71CEF-295D-459A-8212-81048FA9BFD1}.Debug|Any CPU.Build.0 = Debug|Any CPU
		{84B71CEF-295D-459A-8212-81048FA9BFD1}.Release|Any CPU.ActiveCfg = Release|Any CPU
		{84B71CEF-295D-459A-8212-81048FA9BFD1}.Release|Any CPU.Build.0 = Release|Any CPU
		{FE8610C9-6566-4747-AD7F-BF60B8F56114}.Debug|Any CPU.ActiveCfg = Debug|Any CPU
		{FE8610C9-6566-4747-AD7F-BF60B8F56114}.Debug|Any CPU.Build.0 = Debug|Any CPU
		{FE8610C9-6566-4747-AD7F-BF60B8F56114}.Release|Any CPU.ActiveCfg = Release|Any CPU
		{FE8610C9-6566-4747-AD7F-BF60B8F56114}.Release|Any CPU.Build.0 = Release|Any CPU
	EndGlobalSection
	GlobalSection(SolutionProperties) = preSolution
		HideSolutionNode = FALSE
	EndGlobalSection
	GlobalSection(ExtensibilityGlobals) = postSolution
		SolutionGuid = {4B1FFD73-51F0-4358-A83C-DAC007B1525B}
	EndGlobalSection
EndGlobal
